// !$*UTF8*$!
{
	archiveVersion = 1;
	classes = {
	};
	objectVersion = 50;
	objects = {

/* Begin PBXBuildFile section */
		C6A9823726383FE10078F72C /* AppDelegate.swift in Sources */ = {isa = PBXBuildFile; fileRef = C6A9823626383FE10078F72C /* AppDelegate.swift */; };
		C6A9824026383FE30078F72C /* Assets.xcassets in Resources */ = {isa = PBXBuildFile; fileRef = C6A9823F26383FE30078F72C /* Assets.xcassets */; };
		C6A9824E26383FE30078F72C /* ClassifiedsTests.swift in Sources */ = {isa = PBXBuildFile; fileRef = C6A9824D26383FE30078F72C /* ClassifiedsTests.swift */; };
		C6A9825926383FE30078F72C /* ClassifiedsUITests.swift in Sources */ = {isa = PBXBuildFile; fileRef = C6A9825826383FE30078F72C /* ClassifiedsUITests.swift */; };
		C6A98271263840AA0078F72C /* Appearance.swift in Sources */ = {isa = PBXBuildFile; fileRef = C6A98270263840AA0078F72C /* Appearance.swift */; };
		C6A982792638416E0078F72C /* Color.swift in Sources */ = {isa = PBXBuildFile; fileRef = C6A982782638416E0078F72C /* Color.swift */; };
		C6A9827E263841F20078F72C /* Font.swift in Sources */ = {isa = PBXBuildFile; fileRef = C6A9827D263841F20078F72C /* Font.swift */; };
		C6A98283263844210078F72C /* ColoredNavigationBar.swift in Sources */ = {isa = PBXBuildFile; fileRef = C6A98282263844210078F72C /* ColoredNavigationBar.swift */; };
		C6A9828B263845C80078F72C /* MainViewController.swift in Sources */ = {isa = PBXBuildFile; fileRef = C6A9828A263845C80078F72C /* MainViewController.swift */; };
		C6A9829E263854700078F72C /* ApiClient.swift in Sources */ = {isa = PBXBuildFile; fileRef = C6A9829D263854700078F72C /* ApiClient.swift */; };
		C6A982A7263855FB0078F72C /* Routes.swift in Sources */ = {isa = PBXBuildFile; fileRef = C6A982A6263855FA0078F72C /* Routes.swift */; };
		C6A982AC263858050078F72C /* Errors.swift in Sources */ = {isa = PBXBuildFile; fileRef = C6A982AB263858050078F72C /* Errors.swift */; };
		C6A982B42638595A0078F72C /* ListingsResponse.swift in Sources */ = {isa = PBXBuildFile; fileRef = C6A982B32638595A0078F72C /* ListingsResponse.swift */; };
		C6A982B926385AA50078F72C /* Category.swift in Sources */ = {isa = PBXBuildFile; fileRef = C6A982B826385AA50078F72C /* Category.swift */; };
		C6A982BE26385B100078F72C /* ClassifiedRepo.swift in Sources */ = {isa = PBXBuildFile; fileRef = C6A982BD26385B100078F72C /* ClassifiedRepo.swift */; };
		C6A982C326385B330078F72C /* CachManager.swift in Sources */ = {isa = PBXBuildFile; fileRef = C6A982C226385B330078F72C /* CachManager.swift */; };
		C6A982C826385B420078F72C /* ImageLoader.swift in Sources */ = {isa = PBXBuildFile; fileRef = C6A982C726385B420078F72C /* ImageLoader.swift */; };
		C6A982D026386BAD0078F72C /* ListingCell.swift in Sources */ = {isa = PBXBuildFile; fileRef = C6A982CF26386BAD0078F72C /* ListingCell.swift */; };
		C6A982F0263876010078F72C /* Listing.swift in Sources */ = {isa = PBXBuildFile; fileRef = C6A982EF263876010078F72C /* Listing.swift */; };
		C6A98306263955790078F72C /* DetailViewController.swift in Sources */ = {isa = PBXBuildFile; fileRef = C6A98305263955790078F72C /* DetailViewController.swift */; };
		C6A9830B2639583E0078F72C /* CustomLabel.swift in Sources */ = {isa = PBXBuildFile; fileRef = C6A9830A2639583E0078F72C /* CustomLabel.swift */; };
		C6E6B6E1263992E60032E6D1 /* CustomImageView.swift in Sources */ = {isa = PBXBuildFile; fileRef = C6E6B6E0263992E60032E6D1 /* CustomImageView.swift */; };
		C6E6B6E6263998880032E6D1 /* FilterViewController.swift in Sources */ = {isa = PBXBuildFile; fileRef = C6E6B6E5263998880032E6D1 /* FilterViewController.swift */; };
		C6E6B6EB263AAC7C0032E6D1 /* PaddingLabel.swift in Sources */ = {isa = PBXBuildFile; fileRef = C6E6B6EA263AAC7C0032E6D1 /* PaddingLabel.swift */; };
/* End PBXBuildFile section */

/* Begin PBXContainerItemProxy section */
		C6A9824A26383FE30078F72C /* PBXContainerItemProxy */ = {
			isa = PBXContainerItemProxy;
			containerPortal = C6A9822B26383FE10078F72C /* Project object */;
			proxyType = 1;
			remoteGlobalIDString = C6A9823226383FE10078F72C;
			remoteInfo = Classifieds;
		};
		C6A9825526383FE30078F72C /* PBXContainerItemProxy */ = {
			isa = PBXContainerItemProxy;
			containerPortal = C6A9822B26383FE10078F72C /* Project object */;
			proxyType = 1;
			remoteGlobalIDString = C6A9823226383FE10078F72C;
			remoteInfo = Classifieds;
		};
/* End PBXContainerItemProxy section */

/* Begin PBXFileReference section */
		C6A9823326383FE10078F72C /* Classifieds.app */ = {isa = PBXFileReference; explicitFileType = wrapper.application; includeInIndex = 0; path = Classifieds.app; sourceTree = BUILT_PRODUCTS_DIR; };
		C6A9823626383FE10078F72C /* AppDelegate.swift */ = {isa = PBXFileReference; lastKnownFileType = sourcecode.swift; path = AppDelegate.swift; sourceTree = "<group>"; };
		C6A9823F26383FE30078F72C /* Assets.xcassets */ = {isa = PBXFileReference; lastKnownFileType = folder.assetcatalog; path = Assets.xcassets; sourceTree = "<group>"; };
		C6A9824426383FE30078F72C /* Info.plist */ = {isa = PBXFileReference; lastKnownFileType = text.plist.xml; path = Info.plist; sourceTree = "<group>"; };
		C6A9824926383FE30078F72C /* ClassifiedsTests.xctest */ = {isa = PBXFileReference; explicitFileType = wrapper.cfbundle; includeInIndex = 0; path = ClassifiedsTests.xctest; sourceTree = BUILT_PRODUCTS_DIR; };
		C6A9824D26383FE30078F72C /* ClassifiedsTests.swift */ = {isa = PBXFileReference; lastKnownFileType = sourcecode.swift; path = ClassifiedsTests.swift; sourceTree = "<group>"; };
		C6A9824F26383FE30078F72C /* Info.plist */ = {isa = PBXFileReference; lastKnownFileType = text.plist.xml; path = Info.plist; sourceTree = "<group>"; };
		C6A9825426383FE30078F72C /* ClassifiedsUITests.xctest */ = {isa = PBXFileReference; explicitFileType = wrapper.cfbundle; includeInIndex = 0; path = ClassifiedsUITests.xctest; sourceTree = BUILT_PRODUCTS_DIR; };
		C6A9825826383FE30078F72C /* ClassifiedsUITests.swift */ = {isa = PBXFileReference; lastKnownFileType = sourcecode.swift; path = ClassifiedsUITests.swift; sourceTree = "<group>"; };
		C6A9825A26383FE30078F72C /* Info.plist */ = {isa = PBXFileReference; lastKnownFileType = text.plist.xml; path = Info.plist; sourceTree = "<group>"; };
		C6A98270263840AA0078F72C /* Appearance.swift */ = {isa = PBXFileReference; lastKnownFileType = sourcecode.swift; path = Appearance.swift; sourceTree = "<group>"; };
		C6A982782638416E0078F72C /* Color.swift */ = {isa = PBXFileReference; lastKnownFileType = sourcecode.swift; path = Color.swift; sourceTree = "<group>"; };
		C6A9827D263841F20078F72C /* Font.swift */ = {isa = PBXFileReference; lastKnownFileType = sourcecode.swift; path = Font.swift; sourceTree = "<group>"; };
		C6A98282263844210078F72C /* ColoredNavigationBar.swift */ = {isa = PBXFileReference; lastKnownFileType = sourcecode.swift; path = ColoredNavigationBar.swift; sourceTree = "<group>"; };
		C6A9828A263845C80078F72C /* MainViewController.swift */ = {isa = PBXFileReference; lastKnownFileType = sourcecode.swift; path = MainViewController.swift; sourceTree = "<group>"; };
		C6A9829D263854700078F72C /* ApiClient.swift */ = {isa = PBXFileReference; lastKnownFileType = sourcecode.swift; path = ApiClient.swift; sourceTree = "<group>"; };
		C6A982A6263855FA0078F72C /* Routes.swift */ = {isa = PBXFileReference; lastKnownFileType = sourcecode.swift; path = Routes.swift; sourceTree = "<group>"; };
		C6A982AB263858050078F72C /* Errors.swift */ = {isa = PBXFileReference; lastKnownFileType = sourcecode.swift; path = Errors.swift; sourceTree = "<group>"; };
		C6A982B32638595A0078F72C /* ListingsResponse.swift */ = {isa = PBXFileReference; lastKnownFileType = sourcecode.swift; path = ListingsResponse.swift; sourceTree = "<group>"; };
		C6A982B826385AA50078F72C /* Category.swift */ = {isa = PBXFileReference; lastKnownFileType = sourcecode.swift; path = Category.swift; sourceTree = "<group>"; };
		C6A982BD26385B100078F72C /* ClassifiedRepo.swift */ = {isa = PBXFileReference; lastKnownFileType = sourcecode.swift; path = ClassifiedRepo.swift; sourceTree = "<group>"; };
		C6A982C226385B330078F72C /* CachManager.swift */ = {isa = PBXFileReference; lastKnownFileType = sourcecode.swift; path = CachManager.swift; sourceTree = "<group>"; };
		C6A982C726385B420078F72C /* ImageLoader.swift */ = {isa = PBXFileReference; lastKnownFileType = sourcecode.swift; path = ImageLoader.swift; sourceTree = "<group>"; };
		C6A982CF26386BAD0078F72C /* ListingCell.swift */ = {isa = PBXFileReference; lastKnownFileType = sourcecode.swift; path = ListingCell.swift; sourceTree = "<group>"; };
		C6A982EF263876010078F72C /* Listing.swift */ = {isa = PBXFileReference; lastKnownFileType = sourcecode.swift; path = Listing.swift; sourceTree = "<group>"; };
		C6A98305263955790078F72C /* DetailViewController.swift */ = {isa = PBXFileReference; lastKnownFileType = sourcecode.swift; path = DetailViewController.swift; sourceTree = "<group>"; };
		C6A9830A2639583E0078F72C /* CustomLabel.swift */ = {isa = PBXFileReference; lastKnownFileType = sourcecode.swift; path = CustomLabel.swift; sourceTree = "<group>"; };
		C6E6B6E0263992E60032E6D1 /* CustomImageView.swift */ = {isa = PBXFileReference; lastKnownFileType = sourcecode.swift; path = CustomImageView.swift; sourceTree = "<group>"; };
		C6E6B6E5263998880032E6D1 /* FilterViewController.swift */ = {isa = PBXFileReference; lastKnownFileType = sourcecode.swift; path = FilterViewController.swift; sourceTree = "<group>"; };
		C6E6B6EA263AAC7C0032E6D1 /* PaddingLabel.swift */ = {isa = PBXFileReference; lastKnownFileType = sourcecode.swift; path = PaddingLabel.swift; sourceTree = "<group>"; };
/* End PBXFileReference section */

/* Begin PBXFrameworksBuildPhase section */
		C6A9823026383FE10078F72C /* Frameworks */ = {
			isa = PBXFrameworksBuildPhase;
			buildActionMask = 2147483647;
			files = (
			);
			runOnlyForDeploymentPostprocessing = 0;
		};
		C6A9824626383FE30078F72C /* Frameworks */ = {
			isa = PBXFrameworksBuildPhase;
			buildActionMask = 2147483647;
			files = (
			);
			runOnlyForDeploymentPostprocessing = 0;
		};
		C6A9825126383FE30078F72C /* Frameworks */ = {
			isa = PBXFrameworksBuildPhase;
			buildActionMask = 2147483647;
			files = (
			);
			runOnlyForDeploymentPostprocessing = 0;
		};
/* End PBXFrameworksBuildPhase section */

/* Begin PBXGroup section */
		C6A9822A26383FE10078F72C = {
			isa = PBXGroup;
			children = (
				C6A9823526383FE10078F72C /* Classifieds */,
				C6A9824C26383FE30078F72C /* ClassifiedsTests */,
				C6A9825726383FE30078F72C /* ClassifiedsUITests */,
				C6A9823426383FE10078F72C /* Products */,
			);
			sourceTree = "<group>";
		};
		C6A9823426383FE10078F72C /* Products */ = {
			isa = PBXGroup;
			children = (
				C6A9823326383FE10078F72C /* Classifieds.app */,
				C6A9824926383FE30078F72C /* ClassifiedsTests.xctest */,
				C6A9825426383FE30078F72C /* ClassifiedsUITests.xctest */,
			);
			name = Products;
			sourceTree = "<group>";
		};
		C6A9823526383FE10078F72C /* Classifieds */ = {
			isa = PBXGroup;
			children = (
				C6A9823626383FE10078F72C /* AppDelegate.swift */,
				C6A9824426383FE30078F72C /* Info.plist */,
				C6A9823F26383FE30078F72C /* Assets.xcassets */,
				C6A9826E263840690078F72C /* Model */,
				C6A9826C2638404F0078F72C /* Views */,
				C6A9826D2638405D0078F72C /* Controllers */,
				C6A9829B263854330078F72C /* Networking */,
				C6A9826F2638407C0078F72C /* Helpers */,
			);
			path = Classifieds;
			sourceTree = "<group>";
		};
		C6A9824C26383FE30078F72C /* ClassifiedsTests */ = {
			isa = PBXGroup;
			children = (
				C6A9824D26383FE30078F72C /* ClassifiedsTests.swift */,
				C6A9824F26383FE30078F72C /* Info.plist */,
			);
			path = ClassifiedsTests;
			sourceTree = "<group>";
		};
		C6A9825726383FE30078F72C /* ClassifiedsUITests */ = {
			isa = PBXGroup;
			children = (
				C6A9825826383FE30078F72C /* ClassifiedsUITests.swift */,
				C6A9825A26383FE30078F72C /* Info.plist */,
			);
			path = ClassifiedsUITests;
			sourceTree = "<group>";
		};
		C6A9826C2638404F0078F72C /* Views */ = {
			isa = PBXGroup;
			children = (
				C6A98282263844210078F72C /* ColoredNavigationBar.swift */,
				C6A982CF26386BAD0078F72C /* ListingCell.swift */,
				C6A9830A2639583E0078F72C /* CustomLabel.swift */,
				C6E6B6E0263992E60032E6D1 /* CustomImageView.swift */,
				C6E6B6EA263AAC7C0032E6D1 /* PaddingLabel.swift */,
			);
			path = Views;
			sourceTree = "<group>";
		};
		C6A9826D2638405D0078F72C /* Controllers */ = {
			isa = PBXGroup;
			children = (
				C6A9828A263845C80078F72C /* MainViewController.swift */,
				C6A98305263955790078F72C /* DetailViewController.swift */,
				C6E6B6E5263998880032E6D1 /* FilterViewController.swift */,
			);
			path = Controllers;
			sourceTree = "<group>";
		};
		C6A9826E263840690078F72C /* Model */ = {
			isa = PBXGroup;
			children = (
				C6A982AB263858050078F72C /* Errors.swift */,
				C6A982B32638595A0078F72C /* ListingsResponse.swift */,
				C6A982B826385AA50078F72C /* Category.swift */,
				C6A982BD26385B100078F72C /* ClassifiedRepo.swift */,
				C6A982EF263876010078F72C /* Listing.swift */,
			);
			path = Model;
			sourceTree = "<group>";
		};
		C6A9826F2638407C0078F72C /* Helpers */ = {
			isa = PBXGroup;
			children = (
				C6A98270263840AA0078F72C /* Appearance.swift */,
				C6A982782638416E0078F72C /* Color.swift */,
				C6A9827D263841F20078F72C /* Font.swift */,
			);
			path = Helpers;
			sourceTree = "<group>";
		};
		C6A9829B263854330078F72C /* Networking */ = {
			isa = PBXGroup;
			children = (
				C6A9829D263854700078F72C /* ApiClient.swift */,
				C6A982A6263855FA0078F72C /* Routes.swift */,
				C6A982C226385B330078F72C /* CachManager.swift */,
				C6A982C726385B420078F72C /* ImageLoader.swift */,
			);
			path = Networking;
			sourceTree = "<group>";
		};
/* End PBXGroup section */

/* Begin PBXNativeTarget section */
		C6A9823226383FE10078F72C /* Classifieds */ = {
			isa = PBXNativeTarget;
			buildConfigurationList = C6A9825D26383FE30078F72C /* Build configuration list for PBXNativeTarget "Classifieds" */;
			buildPhases = (
				C6A9822F26383FE10078F72C /* Sources */,
				C6A9823026383FE10078F72C /* Frameworks */,
				C6A9823126383FE10078F72C /* Resources */,
			);
			buildRules = (
			);
			dependencies = (
			);
			name = Classifieds;
			productName = Classifieds;
			productReference = C6A9823326383FE10078F72C /* Classifieds.app */;
			productType = "com.apple.product-type.application";
		};
		C6A9824826383FE30078F72C /* ClassifiedsTests */ = {
			isa = PBXNativeTarget;
			buildConfigurationList = C6A9826026383FE30078F72C /* Build configuration list for PBXNativeTarget "ClassifiedsTests" */;
			buildPhases = (
				C6A9824526383FE30078F72C /* Sources */,
				C6A9824626383FE30078F72C /* Frameworks */,
				C6A9824726383FE30078F72C /* Resources */,
			);
			buildRules = (
			);
			dependencies = (
				C6A9824B26383FE30078F72C /* PBXTargetDependency */,
			);
			name = ClassifiedsTests;
			productName = ClassifiedsTests;
			productReference = C6A9824926383FE30078F72C /* ClassifiedsTests.xctest */;
			productType = "com.apple.product-type.bundle.unit-test";
		};
		C6A9825326383FE30078F72C /* ClassifiedsUITests */ = {
			isa = PBXNativeTarget;
			buildConfigurationList = C6A9826326383FE30078F72C /* Build configuration list for PBXNativeTarget "ClassifiedsUITests" */;
			buildPhases = (
				C6A9825026383FE30078F72C /* Sources */,
				C6A9825126383FE30078F72C /* Frameworks */,
				C6A9825226383FE30078F72C /* Resources */,
			);
			buildRules = (
			);
			dependencies = (
				C6A9825626383FE30078F72C /* PBXTargetDependency */,
			);
			name = ClassifiedsUITests;
			productName = ClassifiedsUITests;
			productReference = C6A9825426383FE30078F72C /* ClassifiedsUITests.xctest */;
			productType = "com.apple.product-type.bundle.ui-testing";
		};
/* End PBXNativeTarget section */

/* Begin PBXProject section */
		C6A9822B26383FE10078F72C /* Project object */ = {
			isa = PBXProject;
			attributes = {
				LastSwiftUpdateCheck = 1220;
				LastUpgradeCheck = 1220;
				TargetAttributes = {
					C6A9823226383FE10078F72C = {
						CreatedOnToolsVersion = 12.2;
					};
					C6A9824826383FE30078F72C = {
						CreatedOnToolsVersion = 12.2;
						TestTargetID = C6A9823226383FE10078F72C;
					};
					C6A9825326383FE30078F72C = {
						CreatedOnToolsVersion = 12.2;
						TestTargetID = C6A9823226383FE10078F72C;
					};
				};
			};
			buildConfigurationList = C6A9822E26383FE10078F72C /* Build configuration list for PBXProject "Classifieds" */;
			compatibilityVersion = "Xcode 9.3";
			developmentRegion = en;
			hasScannedForEncodings = 0;
			knownRegions = (
				en,
				Base,
			);
			mainGroup = C6A9822A26383FE10078F72C;
			productRefGroup = C6A9823426383FE10078F72C /* Products */;
			projectDirPath = "";
			projectRoot = "";
			targets = (
				C6A9823226383FE10078F72C /* Classifieds */,
				C6A9824826383FE30078F72C /* ClassifiedsTests */,
				C6A9825326383FE30078F72C /* ClassifiedsUITests */,
			);
		};
/* End PBXProject section */

/* Begin PBXResourcesBuildPhase section */
		C6A9823126383FE10078F72C /* Resources */ = {
			isa = PBXResourcesBuildPhase;
			buildActionMask = 2147483647;
			files = (
				C6A9824026383FE30078F72C /* Assets.xcassets in Resources */,
			);
			runOnlyForDeploymentPostprocessing = 0;
		};
		C6A9824726383FE30078F72C /* Resources */ = {
			isa = PBXResourcesBuildPhase;
			buildActionMask = 2147483647;
			files = (
			);
			runOnlyForDeploymentPostprocessing = 0;
		};
		C6A9825226383FE30078F72C /* Resources */ = {
			isa = PBXResourcesBuildPhase;
			buildActionMask = 2147483647;
			files = (
			);
			runOnlyForDeploymentPostprocessing = 0;
		};
/* End PBXResourcesBuildPhase section */

/* Begin PBXSourcesBuildPhase section */
		C6A9822F26383FE10078F72C /* Sources */ = {
			isa = PBXSourcesBuildPhase;
			buildActionMask = 2147483647;
			files = (
				C6A982C826385B420078F72C /* ImageLoader.swift in Sources */,
				C6A9830B2639583E0078F72C /* CustomLabel.swift in Sources */,
				C6A98306263955790078F72C /* DetailViewController.swift in Sources */,
				C6A9829E263854700078F72C /* ApiClient.swift in Sources */,
				C6A982AC263858050078F72C /* Errors.swift in Sources */,
				C6A982B42638595A0078F72C /* ListingsResponse.swift in Sources */,
				C6A982A7263855FB0078F72C /* Routes.swift in Sources */,
				C6A9823726383FE10078F72C /* AppDelegate.swift in Sources */,
				C6A9827E263841F20078F72C /* Font.swift in Sources */,
				C6A98283263844210078F72C /* ColoredNavigationBar.swift in Sources */,
				C6A982792638416E0078F72C /* Color.swift in Sources */,
				C6A982F0263876010078F72C /* Listing.swift in Sources */,
				C6E6B6E1263992E60032E6D1 /* CustomImageView.swift in Sources */,
				C6A982C326385B330078F72C /* CachManager.swift in Sources */,
				C6E6B6E6263998880032E6D1 /* FilterViewController.swift in Sources */,
				C6E6B6EB263AAC7C0032E6D1 /* PaddingLabel.swift in Sources */,
				C6A98271263840AA0078F72C /* Appearance.swift in Sources */,
				C6A9828B263845C80078F72C /* MainViewController.swift in Sources */,
				C6A982D026386BAD0078F72C /* ListingCell.swift in Sources */,
				C6A982BE26385B100078F72C /* ClassifiedRepo.swift in Sources */,
				C6A982B926385AA50078F72C /* Category.swift in Sources */,
			);
			runOnlyForDeploymentPostprocessing = 0;
		};
		C6A9824526383FE30078F72C /* Sources */ = {
			isa = PBXSourcesBuildPhase;
			buildActionMask = 2147483647;
			files = (
				C6A9824E26383FE30078F72C /* ClassifiedsTests.swift in Sources */,
			);
			runOnlyForDeploymentPostprocessing = 0;
		};
		C6A9825026383FE30078F72C /* Sources */ = {
			isa = PBXSourcesBuildPhase;
			buildActionMask = 2147483647;
			files = (
				C6A9825926383FE30078F72C /* ClassifiedsUITests.swift in Sources */,
			);
			runOnlyForDeploymentPostprocessing = 0;
		};
/* End PBXSourcesBuildPhase section */

/* Begin PBXTargetDependency section */
		C6A9824B26383FE30078F72C /* PBXTargetDependency */ = {
			isa = PBXTargetDependency;
			target = C6A9823226383FE10078F72C /* Classifieds */;
			targetProxy = C6A9824A26383FE30078F72C /* PBXContainerItemProxy */;
		};
		C6A9825626383FE30078F72C /* PBXTargetDependency */ = {
			isa = PBXTargetDependency;
			target = C6A9823226383FE10078F72C /* Classifieds */;
			targetProxy = C6A9825526383FE30078F72C /* PBXContainerItemProxy */;
		};
/* End PBXTargetDependency section */

/* Begin XCBuildConfiguration section */
		C6A9825B26383FE30078F72C /* Debug */ = {
			isa = XCBuildConfiguration;
			buildSettings = {
				ALWAYS_SEARCH_USER_PATHS = NO;
				CLANG_ANALYZER_NONNULL = YES;
				CLANG_ANALYZER_NUMBER_OBJECT_CONVERSION = YES_AGGRESSIVE;
				CLANG_CXX_LANGUAGE_STANDARD = "gnu++14";
				CLANG_CXX_LIBRARY = "libc++";
				CLANG_ENABLE_MODULES = YES;
				CLANG_ENABLE_OBJC_ARC = YES;
				CLANG_ENABLE_OBJC_WEAK = YES;
				CLANG_WARN_BLOCK_CAPTURE_AUTORELEASING = YES;
				CLANG_WARN_BOOL_CONVERSION = YES;
				CLANG_WARN_COMMA = YES;
				CLANG_WARN_CONSTANT_CONVERSION = YES;
				CLANG_WARN_DEPRECATED_OBJC_IMPLEMENTATIONS = YES;
				CLANG_WARN_DIRECT_OBJC_ISA_USAGE = YES_ERROR;
				CLANG_WARN_DOCUMENTATION_COMMENTS = YES;
				CLANG_WARN_EMPTY_BODY = YES;
				CLANG_WARN_ENUM_CONVERSION = YES;
				CLANG_WARN_INFINITE_RECURSION = YES;
				CLANG_WARN_INT_CONVERSION = YES;
				CLANG_WARN_NON_LITERAL_NULL_CONVERSION = YES;
				CLANG_WARN_OBJC_IMPLICIT_RETAIN_SELF = YES;
				CLANG_WARN_OBJC_LITERAL_CONVERSION = YES;
				CLANG_WARN_OBJC_ROOT_CLASS = YES_ERROR;
				CLANG_WARN_QUOTED_INCLUDE_IN_FRAMEWORK_HEADER = YES;
				CLANG_WARN_RANGE_LOOP_ANALYSIS = YES;
				CLANG_WARN_STRICT_PROTOTYPES = YES;
				CLANG_WARN_SUSPICIOUS_MOVE = YES;
				CLANG_WARN_UNGUARDED_AVAILABILITY = YES_AGGRESSIVE;
				CLANG_WARN_UNREACHABLE_CODE = YES;
				CLANG_WARN__DUPLICATE_METHOD_MATCH = YES;
				COPY_PHASE_STRIP = NO;
				DEBUG_INFORMATION_FORMAT = dwarf;
				ENABLE_STRICT_OBJC_MSGSEND = YES;
				ENABLE_TESTABILITY = YES;
				GCC_C_LANGUAGE_STANDARD = gnu11;
				GCC_DYNAMIC_NO_PIC = NO;
				GCC_NO_COMMON_BLOCKS = YES;
				GCC_OPTIMIZATION_LEVEL = 0;
				GCC_PREPROCESSOR_DEFINITIONS = (
					"DEBUG=1",
					"$(inherited)",
				);
				GCC_WARN_64_TO_32_BIT_CONVERSION = YES;
				GCC_WARN_ABOUT_RETURN_TYPE = YES_ERROR;
				GCC_WARN_UNDECLARED_SELECTOR = YES;
				GCC_WARN_UNINITIALIZED_AUTOS = YES_AGGRESSIVE;
				GCC_WARN_UNUSED_FUNCTION = YES;
				GCC_WARN_UNUSED_VARIABLE = YES;
				IPHONEOS_DEPLOYMENT_TARGET = 14.2;
				MTL_ENABLE_DEBUG_INFO = INCLUDE_SOURCE;
				MTL_FAST_MATH = YES;
				ONLY_ACTIVE_ARCH = YES;
				SDKROOT = iphoneos;
				SWIFT_ACTIVE_COMPILATION_CONDITIONS = DEBUG;
				SWIFT_OPTIMIZATION_LEVEL = "-Onone";
			};
			name = Debug;
		};
		C6A9825C26383FE30078F72C /* Release */ = {
			isa = XCBuildConfiguration;
			buildSettings = {
				ALWAYS_SEARCH_USER_PATHS = NO;
				CLANG_ANALYZER_NONNULL = YES;
				CLANG_ANALYZER_NUMBER_OBJECT_CONVERSION = YES_AGGRESSIVE;
				CLANG_CXX_LANGUAGE_STANDARD = "gnu++14";
				CLANG_CXX_LIBRARY = "libc++";
				CLANG_ENABLE_MODULES = YES;
				CLANG_ENABLE_OBJC_ARC = YES;
				CLANG_ENABLE_OBJC_WEAK = YES;
				CLANG_WARN_BLOCK_CAPTURE_AUTORELEASING = YES;
				CLANG_WARN_BOOL_CONVERSION = YES;
				CLANG_WARN_COMMA = YES;
				CLANG_WARN_CONSTANT_CONVERSION = YES;
				CLANG_WARN_DEPRECATED_OBJC_IMPLEMENTATIONS = YES;
				CLANG_WARN_DIRECT_OBJC_ISA_USAGE = YES_ERROR;
				CLANG_WARN_DOCUMENTATION_COMMENTS = YES;
				CLANG_WARN_EMPTY_BODY = YES;
				CLANG_WARN_ENUM_CONVERSION = YES;
				CLANG_WARN_INFINITE_RECURSION = YES;
				CLANG_WARN_INT_CONVERSION = YES;
				CLANG_WARN_NON_LITERAL_NULL_CONVERSION = YES;
				CLANG_WARN_OBJC_IMPLICIT_RETAIN_SELF = YES;
				CLANG_WARN_OBJC_LITERAL_CONVERSION = YES;
				CLANG_WARN_OBJC_ROOT_CLASS = YES_ERROR;
				CLANG_WARN_QUOTED_INCLUDE_IN_FRAMEWORK_HEADER = YES;
				CLANG_WARN_RANGE_LOOP_ANALYSIS = YES;
				CLANG_WARN_STRICT_PROTOTYPES = YES;
				CLANG_WARN_SUSPICIOUS_MOVE = YES;
				CLANG_WARN_UNGUARDED_AVAILABILITY = YES_AGGRESSIVE;
				CLANG_WARN_UNREACHABLE_CODE = YES;
				CLANG_WARN__DUPLICATE_METHOD_MATCH = YES;
				COPY_PHASE_STRIP = NO;
				DEBUG_INFORMATION_FORMAT = "dwarf-with-dsym";
				ENABLE_NS_ASSERTIONS = NO;
				ENABLE_STRICT_OBJC_MSGSEND = YES;
				GCC_C_LANGUAGE_STANDARD = gnu11;
				GCC_NO_COMMON_BLOCKS = YES;
				GCC_WARN_64_TO_32_BIT_CONVERSION = YES;
				GCC_WARN_ABOUT_RETURN_TYPE = YES_ERROR;
				GCC_WARN_UNDECLARED_SELECTOR = YES;
				GCC_WARN_UNINITIALIZED_AUTOS = YES_AGGRESSIVE;
				GCC_WARN_UNUSED_FUNCTION = YES;
				GCC_WARN_UNUSED_VARIABLE = YES;
				IPHONEOS_DEPLOYMENT_TARGET = 14.2;
				MTL_ENABLE_DEBUG_INFO = NO;
				MTL_FAST_MATH = YES;
				SDKROOT = iphoneos;
				SWIFT_COMPILATION_MODE = wholemodule;
				SWIFT_OPTIMIZATION_LEVEL = "-O";
				VALIDATE_PRODUCT = YES;
			};
			name = Release;
		};
		C6A9825E26383FE30078F72C /* Debug */ = {
			isa = XCBuildConfiguration;
			buildSettings = {
				ASSETCATALOG_COMPILER_APPICON_NAME = AppIcon;
				ASSETCATALOG_COMPILER_GLOBAL_ACCENT_COLOR_NAME = AccentColor;
				CODE_SIGN_STYLE = Automatic;
				DEVELOPMENT_TEAM = 875552K9T9;
				INFOPLIST_FILE = Classifieds/Info.plist;
				IPHONEOS_DEPLOYMENT_TARGET = 12.0;
				LD_RUNPATH_SEARCH_PATHS = (
					"$(inherited)",
					"@executable_path/Frameworks",
				);
				PRODUCT_BUNDLE_IDENTIFIER = com.marinar.Classifieds;
				PRODUCT_NAME = "$(TARGET_NAME)";
				SWIFT_VERSION = 5.0;
				TARGETED_DEVICE_FAMILY = "1,2";
			};
			name = Debug;
		};
		C6A9825F26383FE30078F72C /* Release */ = {
			isa = XCBuildConfiguration;
			buildSettings = {
				ASSETCATALOG_COMPILER_APPICON_NAME = AppIcon;
				ASSETCATALOG_COMPILER_GLOBAL_ACCENT_COLOR_NAME = AccentColor;
				CODE_SIGN_STYLE = Automatic;
				DEVELOPMENT_TEAM = 875552K9T9;
				INFOPLIST_FILE = Classifieds/Info.plist;
				IPHONEOS_DEPLOYMENT_TARGET = 12.0;
				LD_RUNPATH_SEARCH_PATHS = (
					"$(inherited)",
					"@executable_path/Frameworks",
				);
				PRODUCT_BUNDLE_IDENTIFIER = com.marinar.Classifieds;
				PRODUCT_NAME = "$(TARGET_NAME)";
				SWIFT_VERSION = 5.0;
				TARGETED_DEVICE_FAMILY = "1,2";
			};
			name = Release;
		};
		C6A9826126383FE30078F72C /* Debug */ = {
			isa = XCBuildConfiguration;
			buildSettings = {
				ALWAYS_EMBED_SWIFT_STANDARD_LIBRARIES = YES;
				BUNDLE_LOADER = "$(TEST_HOST)";
				CODE_SIGN_STYLE = Automatic;
				DEVELOPMENT_TEAM = 875552K9T9;
				INFOPLIST_FILE = ClassifiedsTests/Info.plist;
				IPHONEOS_DEPLOYMENT_TARGET = 14.2;
				LD_RUNPATH_SEARCH_PATHS = (
					"$(inherited)",
					"@executable_path/Frameworks",
					"@loader_path/Frameworks",
				);
				PRODUCT_BUNDLE_IDENTIFIER = com.marinar.ClassifiedsTests;
				PRODUCT_NAME = "$(TARGET_NAME)";
				SWIFT_VERSION = 5.0;
				TARGETED_DEVICE_FAMILY = "1,2";
				TEST_HOST = "$(BUILT_PRODUCTS_DIR)/Classifieds.app/Classifieds";
			};
			name = Debug;
		};
		C6A9826226383FE30078F72C /* Release */ = {
			isa = XCBuildConfiguration;
			buildSettings = {
				ALWAYS_EMBED_SWIFT_STANDARD_LIBRARIES = YES;
				BUNDLE_LOADER = "$(TEST_HOST)";
				CODE_SIGN_STYLE = Automatic;
				DEVELOPMENT_TEAM = 875552K9T9;
				INFOPLIST_FILE = ClassifiedsTests/Info.plist;
				IPHONEOS_DEPLOYMENT_TARGET = 14.2;
				LD_RUNPATH_SEARCH_PATHS = (
					"$(inherited)",
					"@executable_path/Frameworks",
					"@loader_path/Frameworks",
				);
				PRODUCT_BUNDLE_IDENTIFIER = com.marinar.ClassifiedsTests;
				PRODUCT_NAME = "$(TARGET_NAME)";
				SWIFT_VERSION = 5.0;
				TARGETED_DEVICE_FAMILY = "1,2";
				TEST_HOST = "$(BUILT_PRODUCTS_DIR)/Classifieds.app/Classifieds";
			};
			name = Release;
		};
		C6A9826426383FE30078F72C /* Debug */ = {
			isa = XCBuildConfiguration;
			buildSettings = {
				ALWAYS_EMBED_SWIFT_STANDARD_LIBRARIES = YES;
				CODE_SIGN_STYLE = Automatic;
				DEVELOPMENT_TEAM = 875552K9T9;
				INFOPLIST_FILE = ClassifiedsUITests/Info.plist;
				LD_RUNPATH_SEARCH_PATHS = (
					"$(inherited)",
					"@executable_path/Frameworks",
					"@loader_path/Frameworks",
				);
				PRODUCT_BUNDLE_IDENTIFIER = com.marinar.ClassifiedsUITests;
				PRODUCT_NAME = "$(TARGET_NAME)";
				SWIFT_VERSION = 5.0;
				TARGETED_DEVICE_FAMILY = "1,2";
				TEST_TARGET_NAME = Classifieds;
			};
			name = Debug;
		};
		C6A9826526383FE30078F72C /* Release */ = {
			isa = XCBuildConfiguration;
			buildSettings = {
				ALWAYS_EMBED_SWIFT_STANDARD_LIBRARIES = YES;
				CODE_SIGN_STYLE = Automatic;
				DEVELOPMENT_TEAM = 875552K9T9;
				INFOPLIST_FILE = ClassifiedsUITests/Info.plist;
				LD_RUNPATH_SEARCH_PATHS = (
					"$(inherited)",
					"@executable_path/Frameworks",
					"@loader_path/Frameworks",
				);
				PRODUCT_BUNDLE_IDENTIFIER = com.marinar.ClassifiedsUITests;
				PRODUCT_NAME = "$(TARGET_NAME)";
				SWIFT_VERSION = 5.0;
				TARGETED_DEVICE_FAMILY = "1,2";
				TEST_TARGET_NAME = Classifieds;
			};
			name = Release;
		};
/* End XCBuildConfiguration section */

/* Begin XCConfigurationList section */
		C6A9822E26383FE10078F72C /* Build configuration list for PBXProject "Classifieds" */ = {
			isa = XCConfigurationList;
			buildConfigurations = (
				C6A9825B26383FE30078F72C /* Debug */,
				C6A9825C26383FE30078F72C /* Release */,
			);
			defaultConfigurationIsVisible = 0;
			defaultConfigurationName = Release;
		};
		C6A9825D26383FE30078F72C /* Build configuration list for PBXNativeTarget "Classifieds" */ = {
			isa = XCConfigurationList;
			buildConfigurations = (
				C6A9825E26383FE30078F72C /* Debug */,
				C6A9825F26383FE30078F72C /* Release */,
			);
			defaultConfigurationIsVisible = 0;
			defaultConfigurationName = Release;
		};
		C6A9826026383FE30078F72C /* Build configuration list for PBXNativeTarget "ClassifiedsTests" */ = {
			isa = XCConfigurationList;
			buildConfigurations = (
				C6A9826126383FE30078F72C /* Debug */,
				C6A9826226383FE30078F72C /* Release */,
			);
			defaultConfigurationIsVisible = 0;
			defaultConfigurationName = Release;
		};
		C6A9826326383FE30078F72C /* Build configuration list for PBXNativeTarget "ClassifiedsUITests" */ = {
			isa = XCConfigurationList;
			buildConfigurations = (
				C6A9826426383FE30078F72C /* Debug */,
				C6A9826526383FE30078F72C /* Release */,
			);
			defaultConfigurationIsVisible = 0;
			defaultConfigurationName = Release;
		};
/* End XCConfigurationList section */
	};
	rootObject = C6A9822B26383FE10078F72C /* Project object */;
}
